
Microsoft Visual Studio Solution File, Format Version 12.00
# Visual Studio 15
VisualStudioVersion = 15.0.27428.2037
MinimumVisualStudioVersion = 10.0.40219.1
Project("{2150E333-8FDC-42A3-9474-1A3956D46DE8}") = "Libraries", "Libraries", "{AA8395E6-8FF5-4CFD-B757-9846938B5ECD}"
EndProject
Project("{2150E333-8FDC-42A3-9474-1A3956D46DE8}") = "Hosts", "Hosts", "{241A79E8-6B0C-4C38-B393-FDC261655C62}"
EndProject
Project("{9A19103F-16F7-4668-BE54-9A1E7A4F7556}") = "Kamo.Core", "Libraries\Kamo.Core\Kamo.Core.csproj", "{279FBC30-ABB6-465A-A577-A861C5303934}"
EndProject
Project("{9A19103F-16F7-4668-BE54-9A1E7A4F7556}") = "Kamo.Dapper", "Libraries\Kamo.Dapper\Kamo.Dapper.csproj", "{1688F598-B4D9-4588-91A6-4200F40FC97C}"
EndProject
Project("{9A19103F-16F7-4668-BE54-9A1E7A4F7556}") = "Kamo.Ef", "Libraries\Kamo.Ef\Kamo.Ef.csproj", "{DE33D6B3-044A-4B8B-86F5-658975F69D6F}"
EndProject
Project("{9A19103F-16F7-4668-BE54-9A1E7A4F7556}") = "Kamo.Redis", "Libraries\Kamo.Redis\Kamo.Redis.csproj", "{E57FE421-6741-4708-81C1-BAD9CD763C37}"
EndProject
Project("{9A19103F-16F7-4668-BE54-9A1E7A4F7556}") = "Kamo.Common", "Libraries\Kamo.Common\Kamo.Common.csproj", "{5BC8B3E3-7D5A-4D48-888B-8B8EADD44AF0}"
EndProject
Project("{9A19103F-16F7-4668-BE54-9A1E7A4F7556}") = "Kamo.MailKit", "Libraries\Kamo.MailKit\Kamo.MailKit.csproj", "{95C0252A-9867-4E80-9A57-BDCEDBB5B2C6}"
EndProject
Project("{FAE04EC0-301F-11D3-BF4B-00C04F79EFBC}") = "Kamo.Gf4n.WebApi", "Hosts\Kamo.Gf4n.WebApi\Kamo.Gf4n.WebApi.csproj", "{6BC620F1-196C-4F75-BFE5-773469C0BE57}"
EndProject
Project("{9A19103F-16F7-4668-BE54-9A1E7A4F7556}") = "Kamo.Web.WebApi", "Libraries\Kamo.Web.WebApi\Kamo.Web.WebApi.csproj", "{8A5D96F2-1B7D-4837-B3DF-5330D16AD5AC}"
EndProject
Project("{9A19103F-16F7-4668-BE54-9A1E7A4F7556}") = "Kamo.Auth", "Libraries\Kamo.Auth\Kamo.Auth.csproj", "{759BA7E5-B759-41B6-96BE-D739CA36DCA5}"
EndProject
Project("{9A19103F-16F7-4668-BE54-9A1E7A4F7556}") = "Kamo.Autofac", "Libraries\Kamo.Autofac\Kamo.Autofac.csproj", "{2DC33DEE-62BB-4496-86E3-EE140DB822B1}"
EndProject
Project("{9A19103F-16F7-4668-BE54-9A1E7A4F7556}") = "Kamo.EarlyWarn", "Libraries\Kamo.EarlyWarn\Kamo.EarlyWarn.csproj", "{86A7FDEA-0A7C-4541-9B9E-1E6E2C935F9D}"
EndProject
Project("{2150E333-8FDC-42A3-9474-1A3956D46DE8}") = "Demo", "Demo", "{A00F3DA2-D61B-4392-8BC4-349F74FB5C3F}"
EndProject
Project("{FAE04EC0-301F-11D3-BF4B-00C04F79EFBC}") = "Kamo.Demo.Service", "Demo\Kamo.Demo.Service\Kamo.Demo.Service.csproj", "{C72EF2B1-DAFF-4E78-A90B-ED157A621BE7}"
EndProject
Project("{9A19103F-16F7-4668-BE54-9A1E7A4F7556}") = "Kamo.Demo.Entities", "Demo\Kamo.Demo.Entities\Kamo.Demo.Entities.csproj", "{F906E854-ABC7-4DE0-82FE-FEF6EA9239E9}"
EndProject
Global
	GlobalSection(SolutionConfigurationPlatforms) = preSolution
		Debug|Any CPU = Debug|Any CPU
		Release|Any CPU = Release|Any CPU
	EndGlobalSection
	GlobalSection(ProjectConfigurationPlatforms) = postSolution
		{279FBC30-ABB6-465A-A577-A861C5303934}.Debug|Any CPU.ActiveCfg = Debug|Any CPU
		{279FBC30-ABB6-465A-A577-A861C5303934}.Debug|Any CPU.Build.0 = Debug|Any CPU
		{279FBC30-ABB6-465A-A577-A861C5303934}.Release|Any CPU.ActiveCfg = Release|Any CPU
		{279FBC30-ABB6-465A-A577-A861C5303934}.Release|Any CPU.Build.0 = Release|Any CPU
		{1688F598-B4D9-4588-91A6-4200F40FC97C}.Debug|Any CPU.ActiveCfg = Debug|Any CPU
		{1688F598-B4D9-4588-91A6-4200F40FC97C}.Debug|Any CPU.Build.0 = Debug|Any CPU
		{1688F598-B4D9-4588-91A6-4200F40FC97C}.Release|Any CPU.ActiveCfg = Release|Any CPU
		{1688F598-B4D9-4588-91A6-4200F40FC97C}.Release|Any CPU.Build.0 = Release|Any CPU
		{DE33D6B3-044A-4B8B-86F5-658975F69D6F}.Debug|Any CPU.ActiveCfg = Debug|Any CPU
		{DE33D6B3-044A-4B8B-86F5-658975F69D6F}.Debug|Any CPU.Build.0 = Debug|Any CPU
		{DE33D6B3-044A-4B8B-86F5-658975F69D6F}.Release|Any CPU.ActiveCfg = Release|Any CPU
		{DE33D6B3-044A-4B8B-86F5-658975F69D6F}.Release|Any CPU.Build.0 = Release|Any CPU
		{E57FE421-6741-4708-81C1-BAD9CD763C37}.Debug|Any CPU.ActiveCfg = Debug|Any CPU
		{E57FE421-6741-4708-81C1-BAD9CD763C37}.Debug|Any CPU.Build.0 = Debug|Any CPU
		{E57FE421-6741-4708-81C1-BAD9CD763C37}.Release|Any CPU.ActiveCfg = Release|Any CPU
		{E57FE421-6741-4708-81C1-BAD9CD763C37}.Release|Any CPU.Build.0 = Release|Any CPU
		{5BC8B3E3-7D5A-4D48-888B-8B8EADD44AF0}.Debug|Any CPU.ActiveCfg = Debug|Any CPU
		{5BC8B3E3-7D5A-4D48-888B-8B8EADD44AF0}.Debug|Any CPU.Build.0 = Debug|Any CPU
		{5BC8B3E3-7D5A-4D48-888B-8B8EADD44AF0}.Release|Any CPU.ActiveCfg = Release|Any CPU
		{5BC8B3E3-7D5A-4D48-888B-8B8EADD44AF0}.Release|Any CPU.Build.0 = Release|Any CPU
		{95C0252A-9867-4E80-9A57-BDCEDBB5B2C6}.Debug|Any CPU.ActiveCfg = Debug|Any CPU
		{95C0252A-9867-4E80-9A57-BDCEDBB5B2C6}.Debug|Any CPU.Build.0 = Debug|Any CPU
		{95C0252A-9867-4E80-9A57-BDCEDBB5B2C6}.Release|Any CPU.ActiveCfg = Release|Any CPU
		{95C0252A-9867-4E80-9A57-BDCEDBB5B2C6}.Release|Any CPU.Build.0 = Release|Any CPU
		{6BC620F1-196C-4F75-BFE5-773469C0BE57}.Debug|Any CPU.ActiveCfg = Debug|Any CPU
		{6BC620F1-196C-4F75-BFE5-773469C0BE57}.Debug|Any CPU.Build.0 = Debug|Any CPU
		{6BC620F1-196C-4F75-BFE5-773469C0BE57}.Release|Any CPU.ActiveCfg = Release|Any CPU
		{6BC620F1-196C-4F75-BFE5-773469C0BE57}.Release|Any CPU.Build.0 = Release|Any CPU
		{8A5D96F2-1B7D-4837-B3DF-5330D16AD5AC}.Debug|Any CPU.ActiveCfg = Debug|Any CPU
		{8A5D96F2-1B7D-4837-B3DF-5330D16AD5AC}.Debug|Any CPU.Build.0 = Debug|Any CPU
		{8A5D96F2-1B7D-4837-B3DF-5330D16AD5AC}.Release|Any CPU.ActiveCfg = Release|Any CPU
		{8A5D96F2-1B7D-4837-B3DF-5330D16AD5AC}.Release|Any CPU.Build.0 = Release|Any CPU
		{759BA7E5-B759-41B6-96BE-D739CA36DCA5}.Debug|Any CPU.ActiveCfg = Debug|Any CPU
		{759BA7E5-B759-41B6-96BE-D739CA36DCA5}.Debug|Any CPU.Build.0 = Debug|Any CPU
		{759BA7E5-B759-41B6-96BE-D739CA36DCA5}.Release|Any CPU.ActiveCfg = Release|Any CPU
		{759BA7E5-B759-41B6-96BE-D739CA36DCA5}.Release|Any CPU.Build.0 = Release|Any CPU
		{2DC33DEE-62BB-4496-86E3-EE140DB822B1}.Debug|Any CPU.ActiveCfg = Debug|Any CPU
		{2DC33DEE-62BB-4496-86E3-EE140DB822B1}.Debug|Any CPU.Build.0 = Debug|Any CPU
		{2DC33DEE-62BB-4496-86E3-EE140DB822B1}.Release|Any CPU.ActiveCfg = Release|Any CPU
		{2DC33DEE-62BB-4496-86E3-EE140DB822B1}.Release|Any CPU.Build.0 = Release|Any CPU
		{86A7FDEA-0A7C-4541-9B9E-1E6E2C935F9D}.Debug|Any CPU.ActiveCfg = Debug|Any CPU
		{86A7FDEA-0A7C-4541-9B9E-1E6E2C935F9D}.Debug|Any CPU.Build.0 = Debug|Any CPU
		{86A7FDEA-0A7C-4541-9B9E-1E6E2C935F9D}.Release|Any CPU.ActiveCfg = Release|Any CPU
		{86A7FDEA-0A7C-4541-9B9E-1E6E2C935F9D}.Release|Any CPU.Build.0 = Release|Any CPU
		{C72EF2B1-DAFF-4E78-A90B-ED157A621BE7}.Debug|Any CPU.ActiveCfg = Debug|Any CPU
		{C72EF2B1-DAFF-4E78-A90B-ED157A621BE7}.Debug|Any CPU.Build.0 = Debug|Any CPU
		{C72EF2B1-DAFF-4E78-A90B-ED157A621BE7}.Release|Any CPU.ActiveCfg = Release|Any CPU
		{C72EF2B1-DAFF-4E78-A90B-ED157A621BE7}.Release|Any CPU.Build.0 = Release|Any CPU
		{F906E854-ABC7-4DE0-82FE-FEF6EA9239E9}.Debug|Any CPU.ActiveCfg = Debug|Any CPU
		{F906E854-ABC7-4DE0-82FE-FEF6EA9239E9}.Debug|Any CPU.Build.0 = Debug|Any CPU
		{F906E854-ABC7-4DE0-82FE-FEF6EA9239E9}.Release|Any CPU.ActiveCfg = Release|Any CPU
		{F906E854-ABC7-4DE0-82FE-FEF6EA9239E9}.Release|Any CPU.Build.0 = Release|Any CPU
	EndGlobalSection
	GlobalSection(SolutionProperties) = preSolution
		HideSolutionNode = FALSE
	EndGlobalSection
	GlobalSection(NestedProjects) = preSolution
		{279FBC30-ABB6-465A-A577-A861C5303934} = {AA8395E6-8FF5-4CFD-B757-9846938B5ECD}
		{1688F598-B4D9-4588-91A6-4200F40FC97C} = {AA8395E6-8FF5-4CFD-B757-9846938B5ECD}
		{DE33D6B3-044A-4B8B-86F5-658975F69D6F} = {AA8395E6-8FF5-4CFD-B757-9846938B5ECD}
		{E57FE421-6741-4708-81C1-BAD9CD763C37} = {AA8395E6-8FF5-4CFD-B757-9846938B5ECD}
		{5BC8B3E3-7D5A-4D48-888B-8B8EADD44AF0} = {AA8395E6-8FF5-4CFD-B757-9846938B5ECD}
		{95C0252A-9867-4E80-9A57-BDCEDBB5B2C6} = {AA8395E6-8FF5-4CFD-B757-9846938B5ECD}
		{6BC620F1-196C-4F75-BFE5-773469C0BE57} = {241A79E8-6B0C-4C38-B393-FDC261655C62}
		{8A5D96F2-1B7D-4837-B3DF-5330D16AD5AC} = {AA8395E6-8FF5-4CFD-B757-9846938B5ECD}
		{759BA7E5-B759-41B6-96BE-D739CA36DCA5} = {AA8395E6-8FF5-4CFD-B757-9846938B5ECD}
		{2DC33DEE-62BB-4496-86E3-EE140DB822B1} = {AA8395E6-8FF5-4CFD-B757-9846938B5ECD}
		{86A7FDEA-0A7C-4541-9B9E-1E6E2C935F9D} = {AA8395E6-8FF5-4CFD-B757-9846938B5ECD}
		{C72EF2B1-DAFF-4E78-A90B-ED157A621BE7} = {A00F3DA2-D61B-4392-8BC4-349F74FB5C3F}
		{F906E854-ABC7-4DE0-82FE-FEF6EA9239E9} = {A00F3DA2-D61B-4392-8BC4-349F74FB5C3F}
	EndGlobalSection
	GlobalSection(ExtensibilityGlobals) = postSolution
		SolutionGuid = {5B228CBD-EE3E-47B5-ADCB-68FE6E3504DF}
	EndGlobalSection
EndGlobal
